
Microsoft Visual Studio Solution File, Format Version 12.00
# Visual Studio 15
VisualStudioVersion = 15.0.28307.705
MinimumVisualStudioVersion = 10.0.40219.1
Project("{FAE04EC0-301F-11D3-BF4B-00C04F79EFBC}") = "refresher", "refresher\refresher.csproj", "{B2549DF8-7B8E-408E-B3C1-26BCB89B42CB}"
EndProject
Global
	GlobalSection(SolutionConfigurationPlatforms) = preSolution
		Debug|Any CPU = Debug|Any CPU
		Release|Any CPU = Release|Any CPU
	EndGlobalSection
	GlobalSection(ProjectConfigurationPlatforms) = postSolution
		{B2549DF8-7B8E-408E-B3C1-26BCB89B42CB}.Debug|Any CPU.ActiveCfg = Debug|Any CPU
		{B2549DF8-7B8E-408E-B3C1-26BCB89B42CB}.Debug|Any CPU.Build.0 = Debug|Any CPU
		{B2549DF8-7B8E-408E-B3C1-26BCB89B42CB}.Release|Any CPU.ActiveCfg = Release|Any CPU
		{B2549DF8-7B8E-408E-B3C1-26BCB89B42CB}.Release|Any CPU.Build.0 = Release|Any CPU
	EndGlobalSection
	GlobalSection(SolutionProperties) = preSolution
		HideSolutionNode = FALSE
	EndGlobalSection
	GlobalSection(ExtensibilityGlobals) = postSolution
		SolutionGuid = {91366F83-5B16-4E9F-897B-1621F48F5811}
	EndGlobalSection
EndGlobal
